
Microsoft Visual Studio Solution File, Format Version 12.00
# Visual Studio Version 17
VisualStudioVersion = 17.11.35222.181
MinimumVisualStudioVersion = 10.0.40219.1
Project("{8BC9CEB8-8B4A-11D0-8D11-00A0C91BC942}") = "Modul, funcions i parametres", "Modul, funcions i parametres\Modul, funcions i parametres.vcxproj", "{D383272A-1FD6-4A7E-9D48-EC185B96EDA8}"
EndProject
Global
	GlobalSection(SolutionConfigurationPlatforms) = preSolution
		Debug|x64 = Debug|x64
		Debug|x86 = Debug|x86
		Release|x64 = Release|x64
		Release|x86 = Release|x86
	EndGlobalSection
	GlobalSection(ProjectConfigurationPlatforms) = postSolution
		{D383272A-1FD6-4A7E-9D48-EC185B96EDA8}.Debug|x64.ActiveCfg = Debug|x64
		{D383272A-1FD6-4A7E-9D48-EC185B96EDA8}.Debug|x64.Build.0 = Debug|x64
		{D383272A-1FD6-4A7E-9D48-EC185B96EDA8}.Debug|x86.ActiveCfg = Debug|Win32
		{D383272A-1FD6-4A7E-9D48-EC185B96EDA8}.Debug|x86.Build.0 = Debug|Win32
		{D383272A-1FD6-4A7E-9D48-EC185B96EDA8}.Release|x64.ActiveCfg = Release|x64
		{D383272A-1FD6-4A7E-9D48-EC185B96EDA8}.Release|x64.Build.0 = Release|x64
		{D383272A-1FD6-4A7E-9D48-EC185B96EDA8}.Release|x86.ActiveCfg = Release|Win32
		{D383272A-1FD6-4A7E-9D48-EC185B96EDA8}.Release|x86.Build.0 = Release|Win32
	EndGlobalSection
	GlobalSection(SolutionProperties) = preSolution
		HideSolutionNode = FALSE
	EndGlobalSection
	GlobalSection(ExtensibilityGlobals) = postSolution
		SolutionGuid = {2DD44A5A-4A00-4EB3-921B-424ABA9CF70E}
	EndGlobalSection
EndGlobal
